
Microsoft Visual Studio Solution File, Format Version 12.00
# Visual Studio Version 16
VisualStudioVersion = 16.0.30907.101
MinimumVisualStudioVersion = 10.0.40219.1
Project("{9A19103F-16F7-4668-BE54-9A1E7A4F7556}") = "FestivalAPI", "FestivalAPI\FestivalAPI.csproj", "{2BAEEC0F-32ED-42A2-8B07-31C559307634}"
EndProject
Project("{9A19103F-16F7-4668-BE54-9A1E7A4F7556}") = "FestivalWEB", "FestivalWEB\FestivalWEB.csproj", "{D9E47918-3378-45B3-9D54-66240108D811}"
EndProject
Project("{FAE04EC0-301F-11D3-BF4B-00C04F79EFBC}") = "wpfFestival", "wpfFestival\wpfFestival.csproj", "{8A0E457F-B184-4B62-B00F-CE79CC3EE586}"
EndProject
Global
	GlobalSection(SolutionConfigurationPlatforms) = preSolution
		Debug|Any CPU = Debug|Any CPU
		Release|Any CPU = Release|Any CPU
	EndGlobalSection
	GlobalSection(ProjectConfigurationPlatforms) = postSolution
		{2BAEEC0F-32ED-42A2-8B07-31C559307634}.Debug|Any CPU.ActiveCfg = Debug|Any CPU
		{2BAEEC0F-32ED-42A2-8B07-31C559307634}.Debug|Any CPU.Build.0 = Debug|Any CPU
		{2BAEEC0F-32ED-42A2-8B07-31C559307634}.Release|Any CPU.ActiveCfg = Release|Any CPU
		{2BAEEC0F-32ED-42A2-8B07-31C559307634}.Release|Any CPU.Build.0 = Release|Any CPU
		{D9E47918-3378-45B3-9D54-66240108D811}.Debug|Any CPU.ActiveCfg = Debug|Any CPU
		{D9E47918-3378-45B3-9D54-66240108D811}.Debug|Any CPU.Build.0 = Debug|Any CPU
		{D9E47918-3378-45B3-9D54-66240108D811}.Release|Any CPU.ActiveCfg = Release|Any CPU
		{D9E47918-3378-45B3-9D54-66240108D811}.Release|Any CPU.Build.0 = Release|Any CPU
		{8A0E457F-B184-4B62-B00F-CE79CC3EE586}.Debug|Any CPU.ActiveCfg = Debug|Any CPU
		{8A0E457F-B184-4B62-B00F-CE79CC3EE586}.Debug|Any CPU.Build.0 = Debug|Any CPU
		{8A0E457F-B184-4B62-B00F-CE79CC3EE586}.Release|Any CPU.ActiveCfg = Release|Any CPU
		{8A0E457F-B184-4B62-B00F-CE79CC3EE586}.Release|Any CPU.Build.0 = Release|Any CPU
	EndGlobalSection
	GlobalSection(SolutionProperties) = preSolution
		HideSolutionNode = FALSE
	EndGlobalSection
	GlobalSection(ExtensibilityGlobals) = postSolution
		SolutionGuid = {F7EF6AC2-0157-4481-B6E1-2C8B98E72ED9}
	EndGlobalSection
EndGlobal
